
Microsoft Visual Studio Solution File, Format Version 12.00
# Visual Studio Version 17
VisualStudioVersion = 17.9.34902.65
MinimumVisualStudioVersion = 10.0.40219.1
Project("{9A19103F-16F7-4668-BE54-9A1E7A4F7556}") = "Motosfera", "Motosfera.csproj", "{37197CB4-9F6C-40D2-9A8B-3E6E9A28CC73}"
EndProject
Global
	GlobalSection(SolutionConfigurationPlatforms) = preSolution
		Debug|Any CPU = Debug|Any CPU
		Release|Any CPU = Release|Any CPU
	EndGlobalSection
	GlobalSection(ProjectConfigurationPlatforms) = postSolution
		{37197CB4-9F6C-40D2-9A8B-3E6E9A28CC73}.Debug|Any CPU.ActiveCfg = Debug|Any CPU
		{37197CB4-9F6C-40D2-9A8B-3E6E9A28CC73}.Debug|Any CPU.Build.0 = Debug|Any CPU
		{37197CB4-9F6C-40D2-9A8B-3E6E9A28CC73}.Release|Any CPU.ActiveCfg = Release|Any CPU
		{37197CB4-9F6C-40D2-9A8B-3E6E9A28CC73}.Release|Any CPU.Build.0 = Release|Any CPU
	EndGlobalSection
	GlobalSection(SolutionProperties) = preSolution
		HideSolutionNode = FALSE
	EndGlobalSection
	GlobalSection(ExtensibilityGlobals) = postSolution
		SolutionGuid = {6215EC8A-9894-406C-B850-B72D930946A0}
	EndGlobalSection
EndGlobal
